
Microsoft Visual Studio Solution File, Format Version 12.00
# Visual Studio Express 2013 for Web
VisualStudioVersion = 12.0.30501.0
MinimumVisualStudioVersion = 10.0.40219.1
Project("{FAE04EC0-301F-11D3-BF4B-00C04F79EFBC}") = "MvcCodeRouting", "src\MvcCodeRouting\MvcCodeRouting.csproj", "{94D52E7E-6949-439F-80ED-212DAA85DB6C}"
EndProject
Project("{FAE04EC0-301F-11D3-BF4B-00C04F79EFBC}") = "MvcCodeRouting.Tests", "tests\MvcCodeRouting.Tests\MvcCodeRouting.Tests.csproj", "{4F2F9856-1D63-4AFD-ACB1-82ACB7CD80BC}"
EndProject
Project("{FAE04EC0-301F-11D3-BF4B-00C04F79EFBC}") = "Samples", "samples\WebHost\Samples.csproj", "{A427C676-379E-4C9D-8031-296746BB2402}"
EndProject
Project("{FAE04EC0-301F-11D3-BF4B-00C04F79EFBC}") = "Samples.SelfHost", "samples\SelfHost\Samples.SelfHost.csproj", "{264E91D4-96DC-4DEA-A5A4-031BEDAEE351}"
EndProject
Project("{FAE04EC0-301F-11D3-BF4B-00C04F79EFBC}") = "MvcCodeRouting.Web.Http", "src\MvcCodeRouting.Web.Http\MvcCodeRouting.Web.Http.csproj", "{1047C724-56F3-4791-9B07-EEE2CB5C45B7}"
EndProject
Project("{FAE04EC0-301F-11D3-BF4B-00C04F79EFBC}") = "MvcCodeRouting.net35", "src\MvcCodeRouting\MvcCodeRouting.net35.csproj", "{CA8647EC-4B0B-4FFA-9212-6E9221C82EF8}"
EndProject
Project("{FAE04EC0-301F-11D3-BF4B-00C04F79EFBC}") = "MvcCodeRouting.Web.Http.Tests", "tests\MvcCodeRouting.Web.Http.Tests\MvcCodeRouting.Web.Http.Tests.csproj", "{210DCAEF-9EDF-4912-84B8-8717F57A78A8}"
EndProject
Project("{FAE04EC0-301F-11D3-BF4B-00C04F79EFBC}") = "MvcCodeRouting.Web.Http.WebHost", "src\MvcCodeRouting.Web.Http.WebHost\MvcCodeRouting.Web.Http.WebHost.csproj", "{CC6F1081-86C9-4B3F-A6EB-B6003DCE83A4}"
EndProject
Project("{2150E333-8FDC-42A3-9474-1A3956D46DE8}") = "tests", "tests", "{732A90B2-493A-488A-BF05-E85418149AFF}"
EndProject
Global
	GlobalSection(SolutionConfigurationPlatforms) = preSolution
		Debug|Any CPU = Debug|Any CPU
		Release|Any CPU = Release|Any CPU
	EndGlobalSection
	GlobalSection(ProjectConfigurationPlatforms) = postSolution
		{94D52E7E-6949-439F-80ED-212DAA85DB6C}.Debug|Any CPU.ActiveCfg = Debug|Any CPU
		{94D52E7E-6949-439F-80ED-212DAA85DB6C}.Debug|Any CPU.Build.0 = Debug|Any CPU
		{94D52E7E-6949-439F-80ED-212DAA85DB6C}.Release|Any CPU.ActiveCfg = Release|Any CPU
		{94D52E7E-6949-439F-80ED-212DAA85DB6C}.Release|Any CPU.Build.0 = Release|Any CPU
		{4F2F9856-1D63-4AFD-ACB1-82ACB7CD80BC}.Debug|Any CPU.ActiveCfg = Debug|Any CPU
		{4F2F9856-1D63-4AFD-ACB1-82ACB7CD80BC}.Debug|Any CPU.Build.0 = Debug|Any CPU
		{4F2F9856-1D63-4AFD-ACB1-82ACB7CD80BC}.Release|Any CPU.ActiveCfg = Release|Any CPU
		{4F2F9856-1D63-4AFD-ACB1-82ACB7CD80BC}.Release|Any CPU.Build.0 = Release|Any CPU
		{A427C676-379E-4C9D-8031-296746BB2402}.Debug|Any CPU.ActiveCfg = Debug|Any CPU
		{A427C676-379E-4C9D-8031-296746BB2402}.Debug|Any CPU.Build.0 = Debug|Any CPU
		{A427C676-379E-4C9D-8031-296746BB2402}.Release|Any CPU.ActiveCfg = Release|Any CPU
		{A427C676-379E-4C9D-8031-296746BB2402}.Release|Any CPU.Build.0 = Release|Any CPU
		{264E91D4-96DC-4DEA-A5A4-031BEDAEE351}.Debug|Any CPU.ActiveCfg = Debug|Any CPU
		{264E91D4-96DC-4DEA-A5A4-031BEDAEE351}.Debug|Any CPU.Build.0 = Debug|Any CPU
		{264E91D4-96DC-4DEA-A5A4-031BEDAEE351}.Release|Any CPU.ActiveCfg = Release|Any CPU
		{264E91D4-96DC-4DEA-A5A4-031BEDAEE351}.Release|Any CPU.Build.0 = Release|Any CPU
		{1047C724-56F3-4791-9B07-EEE2CB5C45B7}.Debug|Any CPU.ActiveCfg = Debug|Any CPU
		{1047C724-56F3-4791-9B07-EEE2CB5C45B7}.Debug|Any CPU.Build.0 = Debug|Any CPU
		{1047C724-56F3-4791-9B07-EEE2CB5C45B7}.Release|Any CPU.ActiveCfg = Release|Any CPU
		{1047C724-56F3-4791-9B07-EEE2CB5C45B7}.Release|Any CPU.Build.0 = Release|Any CPU
		{CA8647EC-4B0B-4FFA-9212-6E9221C82EF8}.Debug|Any CPU.ActiveCfg = Debug|Any CPU
		{CA8647EC-4B0B-4FFA-9212-6E9221C82EF8}.Debug|Any CPU.Build.0 = Debug|Any CPU
		{CA8647EC-4B0B-4FFA-9212-6E9221C82EF8}.Release|Any CPU.ActiveCfg = Release|Any CPU
		{CA8647EC-4B0B-4FFA-9212-6E9221C82EF8}.Release|Any CPU.Build.0 = Release|Any CPU
		{210DCAEF-9EDF-4912-84B8-8717F57A78A8}.Debug|Any CPU.ActiveCfg = Debug|Any CPU
		{210DCAEF-9EDF-4912-84B8-8717F57A78A8}.Debug|Any CPU.Build.0 = Debug|Any CPU
		{210DCAEF-9EDF-4912-84B8-8717F57A78A8}.Release|Any CPU.ActiveCfg = Release|Any CPU
		{210DCAEF-9EDF-4912-84B8-8717F57A78A8}.Release|Any CPU.Build.0 = Release|Any CPU
		{CC6F1081-86C9-4B3F-A6EB-B6003DCE83A4}.Debug|Any CPU.ActiveCfg = Debug|Any CPU
		{CC6F1081-86C9-4B3F-A6EB-B6003DCE83A4}.Debug|Any CPU.Build.0 = Debug|Any CPU
		{CC6F1081-86C9-4B3F-A6EB-B6003DCE83A4}.Release|Any CPU.ActiveCfg = Release|Any CPU
		{CC6F1081-86C9-4B3F-A6EB-B6003DCE83A4}.Release|Any CPU.Build.0 = Release|Any CPU
	EndGlobalSection
	GlobalSection(SolutionProperties) = preSolution
		HideSolutionNode = FALSE
	EndGlobalSection
	GlobalSection(NestedProjects) = preSolution
		{4F2F9856-1D63-4AFD-ACB1-82ACB7CD80BC} = {732A90B2-493A-488A-BF05-E85418149AFF}
		{210DCAEF-9EDF-4912-84B8-8717F57A78A8} = {732A90B2-493A-488A-BF05-E85418149AFF}
	EndGlobalSection
EndGlobal
