
Microsoft Visual Studio Solution File, Format Version 12.00
# Visual Studio Express 2012 for Web
Project("{FAE04EC0-301F-11D3-BF4B-00C04F79EFBC}") = "MvcCodeRouting", "MvcCodeRouting\MvcCodeRouting.csproj", "{94D52E7E-6949-439F-80ED-212DAA85DB6C}"
EndProject
Project("{FAE04EC0-301F-11D3-BF4B-00C04F79EFBC}") = "MvcCodeRouting.Tests", "MvcCodeRouting.Tests\MvcCodeRouting.Tests.csproj", "{4F2F9856-1D63-4AFD-ACB1-82ACB7CD80BC}"
EndProject
Project("{2150E333-8FDC-42A3-9474-1A3956D46DE8}") = ".nuget", ".nuget", "{38B86E9A-3C7A-4950-BBB5-70335D493327}"
	ProjectSection(SolutionItems) = preProject
		.nuget\NuGet.Config = .nuget\NuGet.Config
		.nuget\NuGet.exe = .nuget\NuGet.exe
		.nuget\NuGet.targets = .nuget\NuGet.targets
	EndProjectSection
EndProject
Project("{FAE04EC0-301F-11D3-BF4B-00C04F79EFBC}") = "Samples", "samples\Samples.csproj", "{A427C676-379E-4C9D-8031-296746BB2402}"
EndProject
Project("{FAE04EC0-301F-11D3-BF4B-00C04F79EFBC}") = "Samples.SelfHost", "samples.selfhost\Samples.SelfHost.csproj", "{264E91D4-96DC-4DEA-A5A4-031BEDAEE351}"
EndProject
Project("{FAE04EC0-301F-11D3-BF4B-00C04F79EFBC}") = "MvcCodeRouting.Web.Http", "MvcCodeRouting.Web.Http\MvcCodeRouting.Web.Http.csproj", "{1047C724-56F3-4791-9B07-EEE2CB5C45B7}"
EndProject
Project("{FAE04EC0-301F-11D3-BF4B-00C04F79EFBC}") = "MvcCodeRouting.net35", "MvcCodeRouting\MvcCodeRouting.net35.csproj", "{CA8647EC-4B0B-4FFA-9212-6E9221C82EF8}"
EndProject
Project("{FAE04EC0-301F-11D3-BF4B-00C04F79EFBC}") = "MvcCodeRouting.Web.Http.Tests", "MvcCodeRouting.Web.Http.Tests\MvcCodeRouting.Web.Http.Tests.csproj", "{210DCAEF-9EDF-4912-84B8-8717F57A78A8}"
EndProject
Project("{FAE04EC0-301F-11D3-BF4B-00C04F79EFBC}") = "MvcCodeRouting.Web.Http.WebHost", "MvcCodeRouting.Web.Http.WebHost\MvcCodeRouting.Web.Http.WebHost.csproj", "{CC6F1081-86C9-4B3F-A6EB-B6003DCE83A4}"
EndProject
Global
	GlobalSection(SolutionConfigurationPlatforms) = preSolution
		aspnet-vnext|Any CPU = aspnet-vnext|Any CPU
		Debug|Any CPU = Debug|Any CPU
		Release|Any CPU = Release|Any CPU
	EndGlobalSection
	GlobalSection(ProjectConfigurationPlatforms) = postSolution
		{94D52E7E-6949-439F-80ED-212DAA85DB6C}.aspnet-vnext|Any CPU.ActiveCfg = aspnet-vnext|Any CPU
		{94D52E7E-6949-439F-80ED-212DAA85DB6C}.aspnet-vnext|Any CPU.Build.0 = aspnet-vnext|Any CPU
		{94D52E7E-6949-439F-80ED-212DAA85DB6C}.Debug|Any CPU.ActiveCfg = Debug|Any CPU
		{94D52E7E-6949-439F-80ED-212DAA85DB6C}.Debug|Any CPU.Build.0 = Debug|Any CPU
		{94D52E7E-6949-439F-80ED-212DAA85DB6C}.Release|Any CPU.ActiveCfg = Release|Any CPU
		{94D52E7E-6949-439F-80ED-212DAA85DB6C}.Release|Any CPU.Build.0 = Release|Any CPU
		{4F2F9856-1D63-4AFD-ACB1-82ACB7CD80BC}.aspnet-vnext|Any CPU.ActiveCfg = aspnet-vnext|Any CPU
		{4F2F9856-1D63-4AFD-ACB1-82ACB7CD80BC}.aspnet-vnext|Any CPU.Build.0 = aspnet-vnext|Any CPU
		{4F2F9856-1D63-4AFD-ACB1-82ACB7CD80BC}.Debug|Any CPU.ActiveCfg = Debug|Any CPU
		{4F2F9856-1D63-4AFD-ACB1-82ACB7CD80BC}.Debug|Any CPU.Build.0 = Debug|Any CPU
		{4F2F9856-1D63-4AFD-ACB1-82ACB7CD80BC}.Release|Any CPU.ActiveCfg = Release|Any CPU
		{4F2F9856-1D63-4AFD-ACB1-82ACB7CD80BC}.Release|Any CPU.Build.0 = Release|Any CPU
		{A427C676-379E-4C9D-8031-296746BB2402}.aspnet-vnext|Any CPU.ActiveCfg = aspnet-vnext|Any CPU
		{A427C676-379E-4C9D-8031-296746BB2402}.aspnet-vnext|Any CPU.Build.0 = aspnet-vnext|Any CPU
		{A427C676-379E-4C9D-8031-296746BB2402}.Debug|Any CPU.ActiveCfg = Debug|Any CPU
		{A427C676-379E-4C9D-8031-296746BB2402}.Debug|Any CPU.Build.0 = Debug|Any CPU
		{A427C676-379E-4C9D-8031-296746BB2402}.Release|Any CPU.ActiveCfg = Release|Any CPU
		{A427C676-379E-4C9D-8031-296746BB2402}.Release|Any CPU.Build.0 = Release|Any CPU
		{264E91D4-96DC-4DEA-A5A4-031BEDAEE351}.aspnet-vnext|Any CPU.ActiveCfg = aspnet-vnext|Any CPU
		{264E91D4-96DC-4DEA-A5A4-031BEDAEE351}.aspnet-vnext|Any CPU.Build.0 = aspnet-vnext|Any CPU
		{264E91D4-96DC-4DEA-A5A4-031BEDAEE351}.Debug|Any CPU.ActiveCfg = Debug|Any CPU
		{264E91D4-96DC-4DEA-A5A4-031BEDAEE351}.Debug|Any CPU.Build.0 = Debug|Any CPU
		{264E91D4-96DC-4DEA-A5A4-031BEDAEE351}.Release|Any CPU.ActiveCfg = Release|Any CPU
		{264E91D4-96DC-4DEA-A5A4-031BEDAEE351}.Release|Any CPU.Build.0 = Release|Any CPU
		{1047C724-56F3-4791-9B07-EEE2CB5C45B7}.aspnet-vnext|Any CPU.ActiveCfg = aspnet-vnext|Any CPU
		{1047C724-56F3-4791-9B07-EEE2CB5C45B7}.aspnet-vnext|Any CPU.Build.0 = aspnet-vnext|Any CPU
		{1047C724-56F3-4791-9B07-EEE2CB5C45B7}.Debug|Any CPU.ActiveCfg = Debug|Any CPU
		{1047C724-56F3-4791-9B07-EEE2CB5C45B7}.Debug|Any CPU.Build.0 = Debug|Any CPU
		{1047C724-56F3-4791-9B07-EEE2CB5C45B7}.Release|Any CPU.ActiveCfg = Release|Any CPU
		{1047C724-56F3-4791-9B07-EEE2CB5C45B7}.Release|Any CPU.Build.0 = Release|Any CPU
		{CA8647EC-4B0B-4FFA-9212-6E9221C82EF8}.aspnet-vnext|Any CPU.ActiveCfg = Debug|Any CPU
		{CA8647EC-4B0B-4FFA-9212-6E9221C82EF8}.aspnet-vnext|Any CPU.Build.0 = Debug|Any CPU
		{CA8647EC-4B0B-4FFA-9212-6E9221C82EF8}.Debug|Any CPU.ActiveCfg = Debug|Any CPU
		{CA8647EC-4B0B-4FFA-9212-6E9221C82EF8}.Debug|Any CPU.Build.0 = Debug|Any CPU
		{CA8647EC-4B0B-4FFA-9212-6E9221C82EF8}.Release|Any CPU.ActiveCfg = Release|Any CPU
		{CA8647EC-4B0B-4FFA-9212-6E9221C82EF8}.Release|Any CPU.Build.0 = Release|Any CPU
		{210DCAEF-9EDF-4912-84B8-8717F57A78A8}.aspnet-vnext|Any CPU.ActiveCfg = aspnet-vnext|Any CPU
		{210DCAEF-9EDF-4912-84B8-8717F57A78A8}.aspnet-vnext|Any CPU.Build.0 = aspnet-vnext|Any CPU
		{210DCAEF-9EDF-4912-84B8-8717F57A78A8}.Debug|Any CPU.ActiveCfg = Debug|Any CPU
		{210DCAEF-9EDF-4912-84B8-8717F57A78A8}.Debug|Any CPU.Build.0 = Debug|Any CPU
		{210DCAEF-9EDF-4912-84B8-8717F57A78A8}.Release|Any CPU.ActiveCfg = Release|Any CPU
		{210DCAEF-9EDF-4912-84B8-8717F57A78A8}.Release|Any CPU.Build.0 = Release|Any CPU
		{CC6F1081-86C9-4B3F-A6EB-B6003DCE83A4}.aspnet-vnext|Any CPU.ActiveCfg = aspnet-vnext|Any CPU
		{CC6F1081-86C9-4B3F-A6EB-B6003DCE83A4}.aspnet-vnext|Any CPU.Build.0 = aspnet-vnext|Any CPU
		{CC6F1081-86C9-4B3F-A6EB-B6003DCE83A4}.Debug|Any CPU.ActiveCfg = Debug|Any CPU
		{CC6F1081-86C9-4B3F-A6EB-B6003DCE83A4}.Debug|Any CPU.Build.0 = Debug|Any CPU
		{CC6F1081-86C9-4B3F-A6EB-B6003DCE83A4}.Release|Any CPU.ActiveCfg = Release|Any CPU
		{CC6F1081-86C9-4B3F-A6EB-B6003DCE83A4}.Release|Any CPU.Build.0 = Release|Any CPU
	EndGlobalSection
	GlobalSection(SolutionProperties) = preSolution
		HideSolutionNode = FALSE
	EndGlobalSection
EndGlobal
